
Microsoft Visual Studio Solution File, Format Version 12.00
# Visual Studio Version 17
VisualStudioVersion = 17.12.35707.178
MinimumVisualStudioVersion = 10.0.40219.1
Project("{FAE04EC0-301F-11D3-BF4B-00C04F79EFBC}") = "ClientProject", "Client\ClientProject.csproj", "{AFFC70A4-3A10-4A03-86B9-CDF758090218}"
EndProject
Global
	GlobalSection(SolutionConfigurationPlatforms) = preSolution
		Debug|Any CPU = Debug|Any CPU
		Release|Any CPU = Release|Any CPU
	EndGlobalSection
	GlobalSection(ProjectConfigurationPlatforms) = postSolution
		{AFFC70A4-3A10-4A03-86B9-CDF758090218}.Debug|Any CPU.ActiveCfg = Debug|Any CPU
		{AFFC70A4-3A10-4A03-86B9-CDF758090218}.Debug|Any CPU.Build.0 = Debug|Any CPU
		{AFFC70A4-3A10-4A03-86B9-CDF758090218}.Release|Any CPU.ActiveCfg = Release|Any CPU
		{AFFC70A4-3A10-4A03-86B9-CDF758090218}.Release|Any CPU.Build.0 = Release|Any CPU
	EndGlobalSection
	GlobalSection(SolutionProperties) = preSolution
		HideSolutionNode = FALSE
	EndGlobalSection
EndGlobal
